
Microsoft Visual Studio Solution File, Format Version 12.00
# Visual Studio Version 16
VisualStudioVersion = 16.0.30128.74
MinimumVisualStudioVersion = 10.0.40219.1
Project("{888888A0-9F3D-457C-B088-3A5042F75D52}") = "BankingSystem", "BankingSystem.pyproj", "{75F4E848-A773-40D2-8F3B-DA6F3198AC44}"
EndProject
Global
	GlobalSection(SolutionConfigurationPlatforms) = preSolution
		Debug|Any CPU = Debug|Any CPU
		Release|Any CPU = Release|Any CPU
	EndGlobalSection
	GlobalSection(ProjectConfigurationPlatforms) = postSolution
		{75F4E848-A773-40D2-8F3B-DA6F3198AC44}.Debug|Any CPU.ActiveCfg = Debug|Any CPU
		{75F4E848-A773-40D2-8F3B-DA6F3198AC44}.Release|Any CPU.ActiveCfg = Release|Any CPU
	EndGlobalSection
	GlobalSection(SolutionProperties) = preSolution
		HideSolutionNode = FALSE
	EndGlobalSection
	GlobalSection(ExtensibilityGlobals) = postSolution
		SolutionGuid = {8B65E019-160E-4433-968D-57108960CC95}
	EndGlobalSection
EndGlobal
